
Microsoft Visual Studio Solution File, Format Version 12.00
# Visual Studio 15
VisualStudioVersion = 15.0.28307.757
MinimumVisualStudioVersion = 10.0.40219.1
Project("{FAE04EC0-301F-11D3-BF4B-00C04F79EFBC}") = "NEWIMSApplication", "NEWIMSApplication\NEWIMSApplication.csproj", "{9EAA2FC9-E988-4EF6-BBE0-0F5EDEE153F3}"
EndProject
Global
	GlobalSection(SolutionConfigurationPlatforms) = preSolution
		Debug|Any CPU = Debug|Any CPU
		Release|Any CPU = Release|Any CPU
	EndGlobalSection
	GlobalSection(ProjectConfigurationPlatforms) = postSolution
		{9EAA2FC9-E988-4EF6-BBE0-0F5EDEE153F3}.Debug|Any CPU.ActiveCfg = Debug|Any CPU
		{9EAA2FC9-E988-4EF6-BBE0-0F5EDEE153F3}.Debug|Any CPU.Build.0 = Debug|Any CPU
		{9EAA2FC9-E988-4EF6-BBE0-0F5EDEE153F3}.Release|Any CPU.ActiveCfg = Release|Any CPU
		{9EAA2FC9-E988-4EF6-BBE0-0F5EDEE153F3}.Release|Any CPU.Build.0 = Release|Any CPU
	EndGlobalSection
	GlobalSection(SolutionProperties) = preSolution
		HideSolutionNode = FALSE
	EndGlobalSection
	GlobalSection(ExtensibilityGlobals) = postSolution
		SolutionGuid = {1827CF1A-89E2-49BA-AFD1-E01A478F9D0A}
	EndGlobalSection
EndGlobal
